
Microsoft Visual Studio Solution File, Format Version 12.00
# Visual Studio Version 17
VisualStudioVersion = 17.5.33312.197
MinimumVisualStudioVersion = 10.0.40219.1
Project("{FAE04EC0-301F-11D3-BF4B-00C04F79EFBC}") = "Application", "Application.csproj", "{166CFDF3-690A-4831-9742-6299AE585A99}"
EndProject
Global
	GlobalSection(SolutionConfigurationPlatforms) = preSolution
		Debug|Any CPU = Debug|Any CPU
		Release|Any CPU = Release|Any CPU
	EndGlobalSection
	GlobalSection(ProjectConfigurationPlatforms) = postSolution
		{166CFDF3-690A-4831-9742-6299AE585A99}.Debug|Any CPU.ActiveCfg = Debug|Any CPU
		{166CFDF3-690A-4831-9742-6299AE585A99}.Debug|Any CPU.Build.0 = Debug|Any CPU
		{166CFDF3-690A-4831-9742-6299AE585A99}.Release|Any CPU.ActiveCfg = Release|Any CPU
		{166CFDF3-690A-4831-9742-6299AE585A99}.Release|Any CPU.Build.0 = Release|Any CPU
	EndGlobalSection
	GlobalSection(SolutionProperties) = preSolution
		HideSolutionNode = FALSE
	EndGlobalSection
	GlobalSection(ExtensibilityGlobals) = postSolution
		SolutionGuid = {D649466E-0A4B-4B39-848C-853B295B7396}
	EndGlobalSection
EndGlobal
